
Microsoft Visual Studio Solution File, Format Version 12.00
# Visual Studio Version 17
VisualStudioVersion = 17.0.31912.275
MinimumVisualStudioVersion = 10.0.40219.1
Project("{FAE04EC0-301F-11D3-BF4B-00C04F79EFBC}") = "ChroniclesOfDarknessDiceRoller.Server", "ChroniclesOfDarknessDiceRoller\Server\ChroniclesOfDarknessDiceRoller.Server.csproj", "{ADA73251-719E-47B5-8AD9-736DA110FED9}"
EndProject
Project("{FAE04EC0-301F-11D3-BF4B-00C04F79EFBC}") = "ChroniclesOfDarknessDiceRoller.Client", "ChroniclesOfDarknessDiceRoller\Client\ChroniclesOfDarknessDiceRoller.Client.csproj", "{48A5BE8A-897D-4832-8446-0CD4BC369386}"
EndProject
Project("{FAE04EC0-301F-11D3-BF4B-00C04F79EFBC}") = "ChroniclesOfDarknessDiceRoller.Shared", "ChroniclesOfDarknessDiceRoller\Shared\ChroniclesOfDarknessDiceRoller.Shared.csproj", "{0668CA92-0868-4EDF-B4B6-1EF616954751}"
EndProject
Project("{2150E333-8FDC-42A3-9474-1A3956D46DE8}") = ".github", ".github", "{07FE06AF-D86C-4B66-943B-D88A03FA6B60}"
	ProjectSection(SolutionItems) = preProject
		.github\workflows\ChroniclesOfDarknessDiceRollerServer20220103024926.yml = .github\workflows\ChroniclesOfDarknessDiceRollerServer20220103024926.yml
	EndProjectSection
EndProject
Global
	GlobalSection(SolutionConfigurationPlatforms) = preSolution
		Debug|Any CPU = Debug|Any CPU
		Release|Any CPU = Release|Any CPU
	EndGlobalSection
	GlobalSection(ProjectConfigurationPlatforms) = postSolution
		{ADA73251-719E-47B5-8AD9-736DA110FED9}.Debug|Any CPU.ActiveCfg = Debug|Any CPU
		{ADA73251-719E-47B5-8AD9-736DA110FED9}.Debug|Any CPU.Build.0 = Debug|Any CPU
		{ADA73251-719E-47B5-8AD9-736DA110FED9}.Release|Any CPU.ActiveCfg = Release|Any CPU
		{ADA73251-719E-47B5-8AD9-736DA110FED9}.Release|Any CPU.Build.0 = Release|Any CPU
		{48A5BE8A-897D-4832-8446-0CD4BC369386}.Debug|Any CPU.ActiveCfg = Debug|Any CPU
		{48A5BE8A-897D-4832-8446-0CD4BC369386}.Debug|Any CPU.Build.0 = Debug|Any CPU
		{48A5BE8A-897D-4832-8446-0CD4BC369386}.Release|Any CPU.ActiveCfg = Release|Any CPU
		{48A5BE8A-897D-4832-8446-0CD4BC369386}.Release|Any CPU.Build.0 = Release|Any CPU
		{0668CA92-0868-4EDF-B4B6-1EF616954751}.Debug|Any CPU.ActiveCfg = Debug|Any CPU
		{0668CA92-0868-4EDF-B4B6-1EF616954751}.Debug|Any CPU.Build.0 = Debug|Any CPU
		{0668CA92-0868-4EDF-B4B6-1EF616954751}.Release|Any CPU.ActiveCfg = Release|Any CPU
		{0668CA92-0868-4EDF-B4B6-1EF616954751}.Release|Any CPU.Build.0 = Release|Any CPU
	EndGlobalSection
	GlobalSection(SolutionProperties) = preSolution
		HideSolutionNode = FALSE
	EndGlobalSection
	GlobalSection(ExtensibilityGlobals) = postSolution
		SolutionGuid = {DCCF28C6-BEE9-46C4-A96A-89EF462779B4}
	EndGlobalSection
EndGlobal
